
Microsoft Visual Studio Solution File, Format Version 12.00
# Visual Studio Version 16
VisualStudioVersion = 16.0.29306.81
MinimumVisualStudioVersion = 10.0.40219.1
Project("{FAE04EC0-301F-11D3-BF4B-00C04F79EFBC}") = "kiranbhatt", "kiranbhatt.csproj", "{A80E1408-3226-4B1E-BC4D-577EDFD135FF}"
EndProject
Global
	GlobalSection(SolutionConfigurationPlatforms) = preSolution
		Debug|Any CPU = Debug|Any CPU
		Release|Any CPU = Release|Any CPU
	EndGlobalSection
	GlobalSection(ProjectConfigurationPlatforms) = postSolution
		{A80E1408-3226-4B1E-BC4D-577EDFD135FF}.Debug|Any CPU.ActiveCfg = Debug|Any CPU
		{A80E1408-3226-4B1E-BC4D-577EDFD135FF}.Debug|Any CPU.Build.0 = Debug|Any CPU
		{A80E1408-3226-4B1E-BC4D-577EDFD135FF}.Release|Any CPU.ActiveCfg = Release|Any CPU
		{A80E1408-3226-4B1E-BC4D-577EDFD135FF}.Release|Any CPU.Build.0 = Release|Any CPU
	EndGlobalSection
	GlobalSection(SolutionProperties) = preSolution
		HideSolutionNode = FALSE
	EndGlobalSection
	GlobalSection(ExtensibilityGlobals) = postSolution
		SolutionGuid = {E33CFF0C-D4CE-4C7E-8CB7-ED1A32385F18}
	EndGlobalSection
EndGlobal
